
Microsoft Visual Studio Solution File, Format Version 12.00
# Visual Studio Version 17
VisualStudioVersion = 17.0.32002.185
MinimumVisualStudioVersion = 10.0.40219.1
Project("{9A19103F-16F7-4668-BE54-9A1E7A4F7556}") = "Finance.WebApp", "Finance.WebApp\Finance.WebApp.csproj", "{5F9E04D1-F8BC-4148-9F6E-D69A7B220707}"
EndProject
Project("{2150E333-8FDC-42A3-9474-1A3956D46DE8}") = "Tests", "Tests", "{F90AAF6C-6690-45FE-96C7-EE7E8FFF9440}"
EndProject
Project("{FAE04EC0-301F-11D3-BF4B-00C04F79EFBC}") = "Finance.WebAppTests", "Test\Finance.WebAppTests\Finance.WebAppTests.csproj", "{6823D92E-6177-49D8-B8E2-64CE7A11CE42}"
EndProject
Global
	GlobalSection(SolutionConfigurationPlatforms) = preSolution
		Debug|Any CPU = Debug|Any CPU
		Release|Any CPU = Release|Any CPU
	EndGlobalSection
	GlobalSection(ProjectConfigurationPlatforms) = postSolution
		{5F9E04D1-F8BC-4148-9F6E-D69A7B220707}.Debug|Any CPU.ActiveCfg = Debug|Any CPU
		{5F9E04D1-F8BC-4148-9F6E-D69A7B220707}.Debug|Any CPU.Build.0 = Debug|Any CPU
		{5F9E04D1-F8BC-4148-9F6E-D69A7B220707}.Release|Any CPU.ActiveCfg = Release|Any CPU
		{5F9E04D1-F8BC-4148-9F6E-D69A7B220707}.Release|Any CPU.Build.0 = Release|Any CPU
		{6823D92E-6177-49D8-B8E2-64CE7A11CE42}.Debug|Any CPU.ActiveCfg = Debug|Any CPU
		{6823D92E-6177-49D8-B8E2-64CE7A11CE42}.Debug|Any CPU.Build.0 = Debug|Any CPU
		{6823D92E-6177-49D8-B8E2-64CE7A11CE42}.Release|Any CPU.ActiveCfg = Release|Any CPU
		{6823D92E-6177-49D8-B8E2-64CE7A11CE42}.Release|Any CPU.Build.0 = Release|Any CPU
	EndGlobalSection
	GlobalSection(SolutionProperties) = preSolution
		HideSolutionNode = FALSE
	EndGlobalSection
	GlobalSection(NestedProjects) = preSolution
		{6823D92E-6177-49D8-B8E2-64CE7A11CE42} = {F90AAF6C-6690-45FE-96C7-EE7E8FFF9440}
	EndGlobalSection
	GlobalSection(ExtensibilityGlobals) = postSolution
		SolutionGuid = {1335A2DA-B65F-45FA-99F9-42AA98A54449}
	EndGlobalSection
EndGlobal
